
Microsoft Visual Studio Solution File, Format Version 12.00
# Visual Studio Version 16
VisualStudioVersion = 16.0.31019.35
MinimumVisualStudioVersion = 10.0.40219.1
Project("{FAE04EC0-301F-11D3-BF4B-00C04F79EFBC}") = "WebcamFilters", "WebcamFilters\WebcamFilters.csproj", "{C6CC09A5-D338-4D68-9F0B-F3D404383D8D}"
EndProject
Global
	GlobalSection(SolutionConfigurationPlatforms) = preSolution
		Debug|Any CPU = Debug|Any CPU
		Release|Any CPU = Release|Any CPU
	EndGlobalSection
	GlobalSection(ProjectConfigurationPlatforms) = postSolution
		{C6CC09A5-D338-4D68-9F0B-F3D404383D8D}.Debug|Any CPU.ActiveCfg = Debug|Any CPU
		{C6CC09A5-D338-4D68-9F0B-F3D404383D8D}.Debug|Any CPU.Build.0 = Debug|Any CPU
		{C6CC09A5-D338-4D68-9F0B-F3D404383D8D}.Release|Any CPU.ActiveCfg = Release|Any CPU
		{C6CC09A5-D338-4D68-9F0B-F3D404383D8D}.Release|Any CPU.Build.0 = Release|Any CPU
	EndGlobalSection
	GlobalSection(SolutionProperties) = preSolution
		HideSolutionNode = FALSE
	EndGlobalSection
	GlobalSection(ExtensibilityGlobals) = postSolution
		SolutionGuid = {C729C30E-1525-4849-BED4-A1AB2A066B88}
	EndGlobalSection
EndGlobal
